
Microsoft Visual Studio Solution File, Format Version 12.00
# Visual Studio Version 16
VisualStudioVersion = 16.0.29102.190
MinimumVisualStudioVersion = 10.0.40219.1
Project("{FAE04EC0-301F-11D3-BF4B-00C04F79EFBC}") = "PluralsightFileRename", "PluralsightFileRename\PluralsightFileRename.csproj", "{4AFA066E-E3F1-4BB3-B950-3DCBCC12A6C2}"
EndProject
Global
	GlobalSection(SolutionConfigurationPlatforms) = preSolution
		Debug|Any CPU = Debug|Any CPU
		Release|Any CPU = Release|Any CPU
	EndGlobalSection
	GlobalSection(ProjectConfigurationPlatforms) = postSolution
		{4AFA066E-E3F1-4BB3-B950-3DCBCC12A6C2}.Debug|Any CPU.ActiveCfg = Debug|Any CPU
		{4AFA066E-E3F1-4BB3-B950-3DCBCC12A6C2}.Debug|Any CPU.Build.0 = Debug|Any CPU
		{4AFA066E-E3F1-4BB3-B950-3DCBCC12A6C2}.Release|Any CPU.ActiveCfg = Release|Any CPU
		{4AFA066E-E3F1-4BB3-B950-3DCBCC12A6C2}.Release|Any CPU.Build.0 = Release|Any CPU
	EndGlobalSection
	GlobalSection(SolutionProperties) = preSolution
		HideSolutionNode = FALSE
	EndGlobalSection
	GlobalSection(ExtensibilityGlobals) = postSolution
		SolutionGuid = {74C8DC7D-159A-4773-9E03-3353AEB5D677}
	EndGlobalSection
EndGlobal
